// !$*UTF8*$!
{
	archiveVersion = 1;
	classes = {
	};
	objectVersion = 56;
	objects = {

/* Begin PBXBuildFile section */
		330063142A6D58C800490AAF /* LoginViewController.swift in Sources */ = {isa = PBXBuildFile; fileRef = 330063132A6D58C800490AAF /* LoginViewController.swift */; };
		330063192A6D58CB00490AAF /* Assets.xcassets in Resources */ = {isa = PBXBuildFile; fileRef = 330063182A6D58CB00490AAF /* Assets.xcassets */; };
		3300631C2A6D58CB00490AAF /* LaunchScreen.storyboard in Resources */ = {isa = PBXBuildFile; fileRef = 3300631A2A6D58CB00490AAF /* LaunchScreen.storyboard */; };
		330063262A6D607100490AAF /* LoginView.swift in Sources */ = {isa = PBXBuildFile; fileRef = 330063252A6D607100490AAF /* LoginView.swift */; };
		330063302A6DBAE500490AAF /* OnboardingContainerViewController.swift in Sources */ = {isa = PBXBuildFile; fileRef = 3300632F2A6DBAE500490AAF /* OnboardingContainerViewController.swift */; };
		332E9B852A6E663E00569AE8 /* OnboardingViewController.swift in Sources */ = {isa = PBXBuildFile; fileRef = 332E9B842A6E663E00569AE8 /* OnboardingViewController.swift */; };
		332E9B872A6E6F1F00569AE8 /* AppDelegate.swift in Sources */ = {isa = PBXBuildFile; fileRef = 332E9B862A6E6F1F00569AE8 /* AppDelegate.swift */; };
		332E9B892A6EAF1E00569AE8 /* DummyViewController.swift in Sources */ = {isa = PBXBuildFile; fileRef = 332E9B882A6EAF1E00569AE8 /* DummyViewController.swift */; };
		332E9B8C2A6EC8EA00569AE8 /* LocalState.swift in Sources */ = {isa = PBXBuildFile; fileRef = 332E9B8B2A6EC8EA00569AE8 /* LocalState.swift */; };
		332E9B8E2A6ED50C00569AE8 /* UIViewController+Utils.swift in Sources */ = {isa = PBXBuildFile; fileRef = 332E9B8D2A6ED50C00569AE8 /* UIViewController+Utils.swift */; };
		332E9B902A6ED6A200569AE8 /* MainViewController.swift in Sources */ = {isa = PBXBuildFile; fileRef = 332E9B8F2A6ED6A200569AE8 /* MainViewController.swift */; };
		3334754B2A6FC45E007C9364 /* AccountSummaryViewController.swift in Sources */ = {isa = PBXBuildFile; fileRef = 3334754A2A6FC45E007C9364 /* AccountSummaryViewController.swift */; };
		3334754D2A6FCBB1007C9364 /* AccountSummaryHeaderView.swift in Sources */ = {isa = PBXBuildFile; fileRef = 3334754C2A6FCBB1007C9364 /* AccountSummaryHeaderView.swift */; };
		3334754F2A6FCC0D007C9364 /* AccountSummaryHeaderView.xib in Resources */ = {isa = PBXBuildFile; fileRef = 3334754E2A6FCC0D007C9364 /* AccountSummaryHeaderView.xib */; };
		33E197752A711B85003BDCFA /* NSNotificationName.swift in Sources */ = {isa = PBXBuildFile; fileRef = 33E197742A711B85003BDCFA /* NSNotificationName.swift */; };
		33E197772A711FF9003BDCFA /* UITextField+SecureToggle.swift in Sources */ = {isa = PBXBuildFile; fileRef = 33E197762A711FF9003BDCFA /* UITextField+SecureToggle.swift */; };
		33E1977A2A71513C003BDCFA /* ShakeyBellView.swift in Sources */ = {isa = PBXBuildFile; fileRef = 33E197792A71513C003BDCFA /* ShakeyBellView.swift */; };
		33E1FFA72A6FEDAA00BB219D /* AccountSummaryCell.swift in Sources */ = {isa = PBXBuildFile; fileRef = 33E1FFA62A6FEDAA00BB219D /* AccountSummaryCell.swift */; };
		33E1FFAA2A7017A100BB219D /* Decimal+Utils.swift in Sources */ = {isa = PBXBuildFile; fileRef = 33E1FFA92A7017A100BB219D /* Decimal+Utils.swift */; };
		33E1FFAC2A70184E00BB219D /* CurrencyFormatter.swift in Sources */ = {isa = PBXBuildFile; fileRef = 33E1FFAB2A70184E00BB219D /* CurrencyFormatter.swift */; };
		33E1FFBB2A70475200BB219D /* CurrencyFormatterTest.swift in Sources */ = {isa = PBXBuildFile; fileRef = 33E1FFBA2A70475200BB219D /* CurrencyFormatterTest.swift */; };
/* End PBXBuildFile section */

/* Begin PBXContainerItemProxy section */
		33E1FFB52A70462300BB219D /* PBXContainerItemProxy */ = {
			isa = PBXContainerItemProxy;
			containerPortal = 330063042A6D58C800490AAF /* Project object */;
			proxyType = 1;
			remoteGlobalIDString = 3300630B2A6D58C800490AAF;
			remoteInfo = Bankey;
		};
/* End PBXContainerItemProxy section */

/* Begin PBXFileReference section */
		3300630C2A6D58C800490AAF /* Bankey.app */ = {isa = PBXFileReference; explicitFileType = wrapper.application; includeInIndex = 0; path = Bankey.app; sourceTree = BUILT_PRODUCTS_DIR; };
		330063132A6D58C800490AAF /* LoginViewController.swift */ = {isa = PBXFileReference; lastKnownFileType = sourcecode.swift; path = LoginViewController.swift; sourceTree = "<group>"; };
		330063182A6D58CB00490AAF /* Assets.xcassets */ = {isa = PBXFileReference; lastKnownFileType = folder.assetcatalog; path = Assets.xcassets; sourceTree = "<group>"; };
		3300631B2A6D58CB00490AAF /* Base */ = {isa = PBXFileReference; lastKnownFileType = file.storyboard; name = Base; path = Base.lproj/LaunchScreen.storyboard; sourceTree = "<group>"; };
		3300631D2A6D58CB00490AAF /* Info.plist */ = {isa = PBXFileReference; lastKnownFileType = text.plist.xml; path = Info.plist; sourceTree = "<group>"; };
		330063252A6D607100490AAF /* LoginView.swift */ = {isa = PBXFileReference; lastKnownFileType = sourcecode.swift; path = LoginView.swift; sourceTree = "<group>"; };
		3300632F2A6DBAE500490AAF /* OnboardingContainerViewController.swift */ = {isa = PBXFileReference; lastKnownFileType = sourcecode.swift; path = OnboardingContainerViewController.swift; sourceTree = "<group>"; };
		332E9B842A6E663E00569AE8 /* OnboardingViewController.swift */ = {isa = PBXFileReference; lastKnownFileType = sourcecode.swift; path = OnboardingViewController.swift; sourceTree = "<group>"; };
		332E9B862A6E6F1F00569AE8 /* AppDelegate.swift */ = {isa = PBXFileReference; lastKnownFileType = sourcecode.swift; path = AppDelegate.swift; sourceTree = "<group>"; };
		332E9B882A6EAF1E00569AE8 /* DummyViewController.swift */ = {isa = PBXFileReference; lastKnownFileType = sourcecode.swift; path = DummyViewController.swift; sourceTree = "<group>"; };
		332E9B8B2A6EC8EA00569AE8 /* LocalState.swift */ = {isa = PBXFileReference; lastKnownFileType = sourcecode.swift; path = LocalState.swift; sourceTree = "<group>"; };
		332E9B8D2A6ED50C00569AE8 /* UIViewController+Utils.swift */ = {isa = PBXFileReference; lastKnownFileType = sourcecode.swift; path = "UIViewController+Utils.swift"; sourceTree = "<group>"; };
		332E9B8F2A6ED6A200569AE8 /* MainViewController.swift */ = {isa = PBXFileReference; lastKnownFileType = sourcecode.swift; path = MainViewController.swift; sourceTree = "<group>"; };
		3334754A2A6FC45E007C9364 /* AccountSummaryViewController.swift */ = {isa = PBXFileReference; lastKnownFileType = sourcecode.swift; path = AccountSummaryViewController.swift; sourceTree = "<group>"; };
		3334754C2A6FCBB1007C9364 /* AccountSummaryHeaderView.swift */ = {isa = PBXFileReference; lastKnownFileType = sourcecode.swift; path = AccountSummaryHeaderView.swift; sourceTree = "<group>"; };
		3334754E2A6FCC0D007C9364 /* AccountSummaryHeaderView.xib */ = {isa = PBXFileReference; lastKnownFileType = file.xib; path = AccountSummaryHeaderView.xib; sourceTree = "<group>"; };
		33E197742A711B85003BDCFA /* NSNotificationName.swift */ = {isa = PBXFileReference; lastKnownFileType = sourcecode.swift; path = NSNotificationName.swift; sourceTree = "<group>"; };
		33E197762A711FF9003BDCFA /* UITextField+SecureToggle.swift */ = {isa = PBXFileReference; lastKnownFileType = sourcecode.swift; path = "UITextField+SecureToggle.swift"; sourceTree = "<group>"; };
		33E197792A71513C003BDCFA /* ShakeyBellView.swift */ = {isa = PBXFileReference; lastKnownFileType = sourcecode.swift; path = ShakeyBellView.swift; sourceTree = "<group>"; };
		33E1FFA62A6FEDAA00BB219D /* AccountSummaryCell.swift */ = {isa = PBXFileReference; lastKnownFileType = sourcecode.swift; path = AccountSummaryCell.swift; sourceTree = "<group>"; };
		33E1FFA92A7017A100BB219D /* Decimal+Utils.swift */ = {isa = PBXFileReference; lastKnownFileType = sourcecode.swift; path = "Decimal+Utils.swift"; sourceTree = "<group>"; };
		33E1FFAB2A70184E00BB219D /* CurrencyFormatter.swift */ = {isa = PBXFileReference; lastKnownFileType = sourcecode.swift; path = CurrencyFormatter.swift; sourceTree = "<group>"; };
		33E1FFB12A70462300BB219D /* BankeyUnitTests.xctest */ = {isa = PBXFileReference; explicitFileType = wrapper.cfbundle; includeInIndex = 0; path = BankeyUnitTests.xctest; sourceTree = BUILT_PRODUCTS_DIR; };
		33E1FFBA2A70475200BB219D /* CurrencyFormatterTest.swift */ = {isa = PBXFileReference; lastKnownFileType = sourcecode.swift; path = CurrencyFormatterTest.swift; sourceTree = "<group>"; };
/* End PBXFileReference section */

/* Begin PBXFrameworksBuildPhase section */
		330063092A6D58C800490AAF /* Frameworks */ = {
			isa = PBXFrameworksBuildPhase;
			buildActionMask = 2147483647;
			files = (
			);
			runOnlyForDeploymentPostprocessing = 0;
		};
		33E1FFAE2A70462300BB219D /* Frameworks */ = {
			isa = PBXFrameworksBuildPhase;
			buildActionMask = 2147483647;
			files = (
			);
			runOnlyForDeploymentPostprocessing = 0;
		};
/* End PBXFrameworksBuildPhase section */

/* Begin PBXGroup section */
		330063032A6D58C800490AAF = {
			isa = PBXGroup;
			children = (
				3300630E2A6D58C800490AAF /* Bankey */,
				33E1FFB22A70462300BB219D /* BankeyUnitTests */,
				3300630D2A6D58C800490AAF /* Products */,
			);
			sourceTree = "<group>";
		};
		3300630D2A6D58C800490AAF /* Products */ = {
			isa = PBXGroup;
			children = (
				3300630C2A6D58C800490AAF /* Bankey.app */,
				33E1FFB12A70462300BB219D /* BankeyUnitTests.xctest */,
			);
			name = Products;
			sourceTree = "<group>";
		};
		3300630E2A6D58C800490AAF /* Bankey */ = {
			isa = PBXGroup;
			children = (
				332E9B862A6E6F1F00569AE8 /* AppDelegate.swift */,
				332E9B8F2A6ED6A200569AE8 /* MainViewController.swift */,
				3300632E2A6DBAC800490AAF /* Onboarding */,
				330063242A6D604A00490AAF /* Login */,
				333475492A6FC415007C9364 /* AccountSummary */,
				332E9B8A2A6EC8E000569AE8 /* Utils */,
				33E197782A715119003BDCFA /* Components */,
				330063232A6D600D00490AAF /* Files */,
			);
			path = Bankey;
			sourceTree = "<group>";
		};
		330063232A6D600D00490AAF /* Files */ = {
			isa = PBXGroup;
			children = (
				330063182A6D58CB00490AAF /* Assets.xcassets */,
				3300631A2A6D58CB00490AAF /* LaunchScreen.storyboard */,
				3300631D2A6D58CB00490AAF /* Info.plist */,
			);
			path = Files;
			sourceTree = "<group>";
		};
		330063242A6D604A00490AAF /* Login */ = {
			isa = PBXGroup;
			children = (
				330063132A6D58C800490AAF /* LoginViewController.swift */,
				330063252A6D607100490AAF /* LoginView.swift */,
				332E9B882A6EAF1E00569AE8 /* DummyViewController.swift */,
			);
			path = Login;
			sourceTree = "<group>";
		};
		3300632E2A6DBAC800490AAF /* Onboarding */ = {
			isa = PBXGroup;
			children = (
				3300632F2A6DBAE500490AAF /* OnboardingContainerViewController.swift */,
				332E9B842A6E663E00569AE8 /* OnboardingViewController.swift */,
			);
			path = Onboarding;
			sourceTree = "<group>";
		};
		332E9B8A2A6EC8E000569AE8 /* Utils */ = {
			isa = PBXGroup;
			children = (
				332E9B8D2A6ED50C00569AE8 /* UIViewController+Utils.swift */,
				33E1FFA92A7017A100BB219D /* Decimal+Utils.swift */,
				33E197762A711FF9003BDCFA /* UITextField+SecureToggle.swift */,
				332E9B8B2A6EC8EA00569AE8 /* LocalState.swift */,
				33E1FFAB2A70184E00BB219D /* CurrencyFormatter.swift */,
				33E197742A711B85003BDCFA /* NSNotificationName.swift */,
			);
			path = Utils;
			sourceTree = "<group>";
		};
		333475492A6FC415007C9364 /* AccountSummary */ = {
			isa = PBXGroup;
			children = (
				3334754A2A6FC45E007C9364 /* AccountSummaryViewController.swift */,
				33E1FFA52A6FECB200BB219D /* Header */,
				33E1FFA82A6FEDB200BB219D /* Cell */,
			);
			path = AccountSummary;
			sourceTree = "<group>";
		};
		33E197782A715119003BDCFA /* Components */ = {
			isa = PBXGroup;
			children = (
				33E197792A71513C003BDCFA /* ShakeyBellView.swift */,
			);
			path = Components;
			sourceTree = "<group>";
		};
		33E1FFA52A6FECB200BB219D /* Header */ = {
			isa = PBXGroup;
			children = (
				3334754C2A6FCBB1007C9364 /* AccountSummaryHeaderView.swift */,
				3334754E2A6FCC0D007C9364 /* AccountSummaryHeaderView.xib */,
			);
			path = Header;
			sourceTree = "<group>";
		};
		33E1FFA82A6FEDB200BB219D /* Cell */ = {
			isa = PBXGroup;
			children = (
				33E1FFA62A6FEDAA00BB219D /* AccountSummaryCell.swift */,
			);
			path = Cell;
			sourceTree = "<group>";
		};
		33E1FFB22A70462300BB219D /* BankeyUnitTests */ = {
			isa = PBXGroup;
			children = (
				33E1FFBA2A70475200BB219D /* CurrencyFormatterTest.swift */,
			);
			path = BankeyUnitTests;
			sourceTree = "<group>";
		};
/* End PBXGroup section */

/* Begin PBXNativeTarget section */
		3300630B2A6D58C800490AAF /* Bankey */ = {
			isa = PBXNativeTarget;
			buildConfigurationList = 330063202A6D58CB00490AAF /* Build configuration list for PBXNativeTarget "Bankey" */;
			buildPhases = (
				330063082A6D58C800490AAF /* Sources */,
				330063092A6D58C800490AAF /* Frameworks */,
				3300630A2A6D58C800490AAF /* Resources */,
			);
			buildRules = (
			);
			dependencies = (
			);
			name = Bankey;
			productName = Bankey;
			productReference = 3300630C2A6D58C800490AAF /* Bankey.app */;
			productType = "com.apple.product-type.application";
		};
		33E1FFB02A70462300BB219D /* BankeyUnitTests */ = {
			isa = PBXNativeTarget;
			buildConfigurationList = 33E1FFB72A70462300BB219D /* Build configuration list for PBXNativeTarget "BankeyUnitTests" */;
			buildPhases = (
				33E1FFAD2A70462300BB219D /* Sources */,
				33E1FFAE2A70462300BB219D /* Frameworks */,
				33E1FFAF2A70462300BB219D /* Resources */,
			);
			buildRules = (
			);
			dependencies = (
				33E1FFB62A70462300BB219D /* PBXTargetDependency */,
			);
			name = BankeyUnitTests;
			productName = BankeyUnitTests;
			productReference = 33E1FFB12A70462300BB219D /* BankeyUnitTests.xctest */;
			productType = "com.apple.product-type.bundle.unit-test";
		};
/* End PBXNativeTarget section */

/* Begin PBXProject section */
		330063042A6D58C800490AAF /* Project object */ = {
			isa = PBXProject;
			attributes = {
				BuildIndependentTargetsInParallel = 1;
				LastSwiftUpdateCheck = 1430;
				LastUpgradeCheck = 1430;
				TargetAttributes = {
					3300630B2A6D58C800490AAF = {
						CreatedOnToolsVersion = 14.3.1;
					};
					33E1FFB02A70462300BB219D = {
						CreatedOnToolsVersion = 14.3.1;
						LastSwiftMigration = 1430;
						TestTargetID = 3300630B2A6D58C800490AAF;
					};
				};
			};
			buildConfigurationList = 330063072A6D58C800490AAF /* Build configuration list for PBXProject "Bankey" */;
			compatibilityVersion = "Xcode 14.0";
			developmentRegion = en;
			hasScannedForEncodings = 0;
			knownRegions = (
				en,
				Base,
			);
			mainGroup = 330063032A6D58C800490AAF;
			productRefGroup = 3300630D2A6D58C800490AAF /* Products */;
			projectDirPath = "";
			projectRoot = "";
			targets = (
				3300630B2A6D58C800490AAF /* Bankey */,
				33E1FFB02A70462300BB219D /* BankeyUnitTests */,
			);
		};
/* End PBXProject section */

/* Begin PBXResourcesBuildPhase section */
		3300630A2A6D58C800490AAF /* Resources */ = {
			isa = PBXResourcesBuildPhase;
			buildActionMask = 2147483647;
			files = (
				3334754F2A6FCC0D007C9364 /* AccountSummaryHeaderView.xib in Resources */,
				3300631C2A6D58CB00490AAF /* LaunchScreen.storyboard in Resources */,
				330063192A6D58CB00490AAF /* Assets.xcassets in Resources */,
			);
			runOnlyForDeploymentPostprocessing = 0;
		};
		33E1FFAF2A70462300BB219D /* Resources */ = {
			isa = PBXResourcesBuildPhase;
			buildActionMask = 2147483647;
			files = (
			);
			runOnlyForDeploymentPostprocessing = 0;
		};
/* End PBXResourcesBuildPhase section */

/* Begin PBXSourcesBuildPhase section */
		330063082A6D58C800490AAF /* Sources */ = {
			isa = PBXSourcesBuildPhase;
			buildActionMask = 2147483647;
			files = (
				332E9B8E2A6ED50C00569AE8 /* UIViewController+Utils.swift in Sources */,
				330063262A6D607100490AAF /* LoginView.swift in Sources */,
				332E9B8C2A6EC8EA00569AE8 /* LocalState.swift in Sources */,
				3334754D2A6FCBB1007C9364 /* AccountSummaryHeaderView.swift in Sources */,
				33E197772A711FF9003BDCFA /* UITextField+SecureToggle.swift in Sources */,
				332E9B892A6EAF1E00569AE8 /* DummyViewController.swift in Sources */,
				33E1FFAC2A70184E00BB219D /* CurrencyFormatter.swift in Sources */,
				33E1FFAA2A7017A100BB219D /* Decimal+Utils.swift in Sources */,
				33E197752A711B85003BDCFA /* NSNotificationName.swift in Sources */,
				330063142A6D58C800490AAF /* LoginViewController.swift in Sources */,
				33E1977A2A71513C003BDCFA /* ShakeyBellView.swift in Sources */,
				33E1FFA72A6FEDAA00BB219D /* AccountSummaryCell.swift in Sources */,
				332E9B852A6E663E00569AE8 /* OnboardingViewController.swift in Sources */,
				332E9B902A6ED6A200569AE8 /* MainViewController.swift in Sources */,
				3334754B2A6FC45E007C9364 /* AccountSummaryViewController.swift in Sources */,
				332E9B872A6E6F1F00569AE8 /* AppDelegate.swift in Sources */,
				330063302A6DBAE500490AAF /* OnboardingContainerViewController.swift in Sources */,
			);
			runOnlyForDeploymentPostprocessing = 0;
		};
		33E1FFAD2A70462300BB219D /* Sources */ = {
			isa = PBXSourcesBuildPhase;
			buildActionMask = 2147483647;
			files = (
				33E1FFBB2A70475200BB219D /* CurrencyFormatterTest.swift in Sources */,
			);
			runOnlyForDeploymentPostprocessing = 0;
		};
/* End PBXSourcesBuildPhase section */

/* Begin PBXTargetDependency section */
		33E1FFB62A70462300BB219D /* PBXTargetDependency */ = {
			isa = PBXTargetDependency;
			target = 3300630B2A6D58C800490AAF /* Bankey */;
			targetProxy = 33E1FFB52A70462300BB219D /* PBXContainerItemProxy */;
		};
/* End PBXTargetDependency section */

/* Begin PBXVariantGroup section */
		3300631A2A6D58CB00490AAF /* LaunchScreen.storyboard */ = {
			isa = PBXVariantGroup;
			children = (
				3300631B2A6D58CB00490AAF /* Base */,
			);
			name = LaunchScreen.storyboard;
			sourceTree = "<group>";
		};
/* End PBXVariantGroup section */

/* Begin XCBuildConfiguration section */
		3300631E2A6D58CB00490AAF /* Debug */ = {
			isa = XCBuildConfiguration;
			buildSettings = {
				ALWAYS_SEARCH_USER_PATHS = NO;
				CLANG_ANALYZER_NONNULL = YES;
				CLANG_ANALYZER_NUMBER_OBJECT_CONVERSION = YES_AGGRESSIVE;
				CLANG_CXX_LANGUAGE_STANDARD = "gnu++20";
				CLANG_ENABLE_MODULES = YES;
				CLANG_ENABLE_OBJC_ARC = YES;
				CLANG_ENABLE_OBJC_WEAK = YES;
				CLANG_WARN_BLOCK_CAPTURE_AUTORELEASING = YES;
				CLANG_WARN_BOOL_CONVERSION = YES;
				CLANG_WARN_COMMA = YES;
				CLANG_WARN_CONSTANT_CONVERSION = YES;
				CLANG_WARN_DEPRECATED_OBJC_IMPLEMENTATIONS = YES;
				CLANG_WARN_DIRECT_OBJC_ISA_USAGE = YES_ERROR;
				CLANG_WARN_DOCUMENTATION_COMMENTS = YES;
				CLANG_WARN_EMPTY_BODY = YES;
				CLANG_WARN_ENUM_CONVERSION = YES;
				CLANG_WARN_INFINITE_RECURSION = YES;
				CLANG_WARN_INT_CONVERSION = YES;
				CLANG_WARN_NON_LITERAL_NULL_CONVERSION = YES;
				CLANG_WARN_OBJC_IMPLICIT_RETAIN_SELF = YES;
				CLANG_WARN_OBJC_LITERAL_CONVERSION = YES;
				CLANG_WARN_OBJC_ROOT_CLASS = YES_ERROR;
				CLANG_WARN_QUOTED_INCLUDE_IN_FRAMEWORK_HEADER = YES;
				CLANG_WARN_RANGE_LOOP_ANALYSIS = YES;
				CLANG_WARN_STRICT_PROTOTYPES = YES;
				CLANG_WARN_SUSPICIOUS_MOVE = YES;
				CLANG_WARN_UNGUARDED_AVAILABILITY = YES_AGGRESSIVE;
				CLANG_WARN_UNREACHABLE_CODE = YES;
				CLANG_WARN__DUPLICATE_METHOD_MATCH = YES;
				COPY_PHASE_STRIP = NO;
				DEBUG_INFORMATION_FORMAT = dwarf;
				ENABLE_STRICT_OBJC_MSGSEND = YES;
				ENABLE_TESTABILITY = YES;
				GCC_C_LANGUAGE_STANDARD = gnu11;
				GCC_DYNAMIC_NO_PIC = NO;
				GCC_NO_COMMON_BLOCKS = YES;
				GCC_OPTIMIZATION_LEVEL = 0;
				GCC_PREPROCESSOR_DEFINITIONS = (
					"DEBUG=1",
					"$(inherited)",
				);
				GCC_WARN_64_TO_32_BIT_CONVERSION = YES;
				GCC_WARN_ABOUT_RETURN_TYPE = YES_ERROR;
				GCC_WARN_UNDECLARED_SELECTOR = YES;
				GCC_WARN_UNINITIALIZED_AUTOS = YES_AGGRESSIVE;
				GCC_WARN_UNUSED_FUNCTION = YES;
				GCC_WARN_UNUSED_VARIABLE = YES;
				IPHONEOS_DEPLOYMENT_TARGET = 16.4;
				MTL_ENABLE_DEBUG_INFO = INCLUDE_SOURCE;
				MTL_FAST_MATH = YES;
				ONLY_ACTIVE_ARCH = YES;
				SDKROOT = iphoneos;
				SWIFT_ACTIVE_COMPILATION_CONDITIONS = DEBUG;
				SWIFT_OPTIMIZATION_LEVEL = "-Onone";
			};
			name = Debug;
		};
		3300631F2A6D58CB00490AAF /* Release */ = {
			isa = XCBuildConfiguration;
			buildSettings = {
				ALWAYS_SEARCH_USER_PATHS = NO;
				CLANG_ANALYZER_NONNULL = YES;
				CLANG_ANALYZER_NUMBER_OBJECT_CONVERSION = YES_AGGRESSIVE;
				CLANG_CXX_LANGUAGE_STANDARD = "gnu++20";
				CLANG_ENABLE_MODULES = YES;
				CLANG_ENABLE_OBJC_ARC = YES;
				CLANG_ENABLE_OBJC_WEAK = YES;
				CLANG_WARN_BLOCK_CAPTURE_AUTORELEASING = YES;
				CLANG_WARN_BOOL_CONVERSION = YES;
				CLANG_WARN_COMMA = YES;
				CLANG_WARN_CONSTANT_CONVERSION = YES;
				CLANG_WARN_DEPRECATED_OBJC_IMPLEMENTATIONS = YES;
				CLANG_WARN_DIRECT_OBJC_ISA_USAGE = YES_ERROR;
				CLANG_WARN_DOCUMENTATION_COMMENTS = YES;
				CLANG_WARN_EMPTY_BODY = YES;
				CLANG_WARN_ENUM_CONVERSION = YES;
				CLANG_WARN_INFINITE_RECURSION = YES;
				CLANG_WARN_INT_CONVERSION = YES;
				CLANG_WARN_NON_LITERAL_NULL_CONVERSION = YES;
				CLANG_WARN_OBJC_IMPLICIT_RETAIN_SELF = YES;
				CLANG_WARN_OBJC_LITERAL_CONVERSION = YES;
				CLANG_WARN_OBJC_ROOT_CLASS = YES_ERROR;
				CLANG_WARN_QUOTED_INCLUDE_IN_FRAMEWORK_HEADER = YES;
				CLANG_WARN_RANGE_LOOP_ANALYSIS = YES;
				CLANG_WARN_STRICT_PROTOTYPES = YES;
				CLANG_WARN_SUSPICIOUS_MOVE = YES;
				CLANG_WARN_UNGUARDED_AVAILABILITY = YES_AGGRESSIVE;
				CLANG_WARN_UNREACHABLE_CODE = YES;
				CLANG_WARN__DUPLICATE_METHOD_MATCH = YES;
				COPY_PHASE_STRIP = NO;
				DEBUG_INFORMATION_FORMAT = "dwarf-with-dsym";
				ENABLE_NS_ASSERTIONS = NO;
				ENABLE_STRICT_OBJC_MSGSEND = YES;
				GCC_C_LANGUAGE_STANDARD = gnu11;
				GCC_NO_COMMON_BLOCKS = YES;
				GCC_WARN_64_TO_32_BIT_CONVERSION = YES;
				GCC_WARN_ABOUT_RETURN_TYPE = YES_ERROR;
				GCC_WARN_UNDECLARED_SELECTOR = YES;
				GCC_WARN_UNINITIALIZED_AUTOS = YES_AGGRESSIVE;
				GCC_WARN_UNUSED_FUNCTION = YES;
				GCC_WARN_UNUSED_VARIABLE = YES;
				IPHONEOS_DEPLOYMENT_TARGET = 16.4;
				MTL_ENABLE_DEBUG_INFO = NO;
				MTL_FAST_MATH = YES;
				SDKROOT = iphoneos;
				SWIFT_COMPILATION_MODE = wholemodule;
				SWIFT_OPTIMIZATION_LEVEL = "-O";
				VALIDATE_PRODUCT = YES;
			};
			name = Release;
		};
		330063212A6D58CB00490AAF /* Debug */ = {
			isa = XCBuildConfiguration;
			buildSettings = {
				ASSETCATALOG_COMPILER_APPICON_NAME = AppIcon;
				ASSETCATALOG_COMPILER_GLOBAL_ACCENT_COLOR_NAME = AccentColor;
				CODE_SIGN_STYLE = Automatic;
				CURRENT_PROJECT_VERSION = 1;
				GENERATE_INFOPLIST_FILE = YES;
				INFOPLIST_FILE = Bankey/Files/Info.plist;
				INFOPLIST_KEY_UIApplicationSupportsIndirectInputEvents = YES;
				INFOPLIST_KEY_UILaunchStoryboardName = LaunchScreen;
				INFOPLIST_KEY_UISupportedInterfaceOrientations_iPad = "UIInterfaceOrientationPortrait UIInterfaceOrientationPortraitUpsideDown UIInterfaceOrientationLandscapeLeft UIInterfaceOrientationLandscapeRight";
				INFOPLIST_KEY_UISupportedInterfaceOrientations_iPhone = "UIInterfaceOrientationPortrait UIInterfaceOrientationLandscapeLeft UIInterfaceOrientationLandscapeRight";
				LD_RUNPATH_SEARCH_PATHS = (
					"$(inherited)",
					"@executable_path/Frameworks",
				);
				MARKETING_VERSION = 1.0;
				PRODUCT_BUNDLE_IDENTIFIER = com.example.Bankey;
				PRODUCT_NAME = "$(TARGET_NAME)";
				SWIFT_EMIT_LOC_STRINGS = YES;
				SWIFT_VERSION = 5.0;
				TARGETED_DEVICE_FAMILY = "1,2";
			};
			name = Debug;
		};
		330063222A6D58CB00490AAF /* Release */ = {
			isa = XCBuildConfiguration;
			buildSettings = {
				ASSETCATALOG_COMPILER_APPICON_NAME = AppIcon;
				ASSETCATALOG_COMPILER_GLOBAL_ACCENT_COLOR_NAME = AccentColor;
				CODE_SIGN_STYLE = Automatic;
				CURRENT_PROJECT_VERSION = 1;
				GENERATE_INFOPLIST_FILE = YES;
				INFOPLIST_FILE = Bankey/Files/Info.plist;
				INFOPLIST_KEY_UIApplicationSupportsIndirectInputEvents = YES;
				INFOPLIST_KEY_UILaunchStoryboardName = LaunchScreen;
				INFOPLIST_KEY_UISupportedInterfaceOrientations_iPad = "UIInterfaceOrientationPortrait UIInterfaceOrientationPortraitUpsideDown UIInterfaceOrientationLandscapeLeft UIInterfaceOrientationLandscapeRight";
				INFOPLIST_KEY_UISupportedInterfaceOrientations_iPhone = "UIInterfaceOrientationPortrait UIInterfaceOrientationLandscapeLeft UIInterfaceOrientationLandscapeRight";
				LD_RUNPATH_SEARCH_PATHS = (
					"$(inherited)",
					"@executable_path/Frameworks",
				);
				MARKETING_VERSION = 1.0;
				PRODUCT_BUNDLE_IDENTIFIER = com.example.Bankey;
				PRODUCT_NAME = "$(TARGET_NAME)";
				SWIFT_EMIT_LOC_STRINGS = YES;
				SWIFT_VERSION = 5.0;
				TARGETED_DEVICE_FAMILY = "1,2";
			};
			name = Release;
		};
		33E1FFB82A70462300BB219D /* Debug */ = {
			isa = XCBuildConfiguration;
			buildSettings = {
				BUNDLE_LOADER = "$(TEST_HOST)";
				CLANG_ENABLE_MODULES = YES;
				CODE_SIGN_STYLE = Automatic;
				CURRENT_PROJECT_VERSION = 1;
				GENERATE_INFOPLIST_FILE = YES;
				MARKETING_VERSION = 1.0;
				PRODUCT_BUNDLE_IDENTIFIER = com.example.BankeyUnitTests;
				PRODUCT_NAME = "$(TARGET_NAME)";
				SWIFT_EMIT_LOC_STRINGS = NO;
				SWIFT_OPTIMIZATION_LEVEL = "-Onone";
				SWIFT_VERSION = 5.0;
				TARGETED_DEVICE_FAMILY = "1,2";
				TEST_HOST = "$(BUILT_PRODUCTS_DIR)/Bankey.app/$(BUNDLE_EXECUTABLE_FOLDER_PATH)/Bankey";
			};
			name = Debug;
		};
		33E1FFB92A70462300BB219D /* Release */ = {
			isa = XCBuildConfiguration;
			buildSettings = {
				BUNDLE_LOADER = "$(TEST_HOST)";
				CLANG_ENABLE_MODULES = YES;
				CODE_SIGN_STYLE = Automatic;
				CURRENT_PROJECT_VERSION = 1;
				GENERATE_INFOPLIST_FILE = YES;
				MARKETING_VERSION = 1.0;
				PRODUCT_BUNDLE_IDENTIFIER = com.example.BankeyUnitTests;
				PRODUCT_NAME = "$(TARGET_NAME)";
				SWIFT_EMIT_LOC_STRINGS = NO;
				SWIFT_VERSION = 5.0;
				TARGETED_DEVICE_FAMILY = "1,2";
				TEST_HOST = "$(BUILT_PRODUCTS_DIR)/Bankey.app/$(BUNDLE_EXECUTABLE_FOLDER_PATH)/Bankey";
			};
			name = Release;
		};
/* End XCBuildConfiguration section */

/* Begin XCConfigurationList section */
		330063072A6D58C800490AAF /* Build configuration list for PBXProject "Bankey" */ = {
			isa = XCConfigurationList;
			buildConfigurations = (
				3300631E2A6D58CB00490AAF /* Debug */,
				3300631F2A6D58CB00490AAF /* Release */,
			);
			defaultConfigurationIsVisible = 0;
			defaultConfigurationName = Release;
		};
		330063202A6D58CB00490AAF /* Build configuration list for PBXNativeTarget "Bankey" */ = {
			isa = XCConfigurationList;
			buildConfigurations = (
				330063212A6D58CB00490AAF /* Debug */,
				330063222A6D58CB00490AAF /* Release */,
			);
			defaultConfigurationIsVisible = 0;
			defaultConfigurationName = Release;
		};
		33E1FFB72A70462300BB219D /* Build configuration list for PBXNativeTarget "BankeyUnitTests" */ = {
			isa = XCConfigurationList;
			buildConfigurations = (
				33E1FFB82A70462300BB219D /* Debug */,
				33E1FFB92A70462300BB219D /* Release */,
			);
			defaultConfigurationIsVisible = 0;
			defaultConfigurationName = Release;
		};
/* End XCConfigurationList section */
	};
	rootObject = 330063042A6D58C800490AAF /* Project object */;
}
